// !$*UTF8*$!
{
	archiveVersion = 1;
	classes = {
	};
	objectVersion = 50;
	objects = {

/* Begin PBXBuildFile section */
		0192FD1426D3B494007409B6 /* AppDelegate.swift in Sources */ = {isa = PBXBuildFile; fileRef = 0192FD1326D3B494007409B6 /* AppDelegate.swift */; };
		0192FD1626D3B494007409B6 /* SceneDelegate.swift in Sources */ = {isa = PBXBuildFile; fileRef = 0192FD1526D3B494007409B6 /* SceneDelegate.swift */; };
		0192FD1826D3B494007409B6 /* ContentView.swift in Sources */ = {isa = PBXBuildFile; fileRef = 0192FD1726D3B494007409B6 /* ContentView.swift */; };
		0192FD1A26D3B495007409B6 /* Assets.xcassets in Resources */ = {isa = PBXBuildFile; fileRef = 0192FD1926D3B495007409B6 /* Assets.xcassets */; };
		0192FD1D26D3B495007409B6 /* Preview Assets.xcassets in Resources */ = {isa = PBXBuildFile; fileRef = 0192FD1C26D3B495007409B6 /* Preview Assets.xcassets */; };
		0192FD2026D3B495007409B6 /* LaunchScreen.storyboard in Resources */ = {isa = PBXBuildFile; fileRef = 0192FD1E26D3B495007409B6 /* LaunchScreen.storyboard */; };
		0192FD2B26D3B84F007409B6 /* brand.json in Resources */ = {isa = PBXBuildFile; fileRef = 0192FD2726D3B84F007409B6 /* brand.json */; };
		0192FD2C26D3B84F007409B6 /* player.json in Resources */ = {isa = PBXBuildFile; fileRef = 0192FD2826D3B84F007409B6 /* player.json */; };
		0192FD2D26D3B84F007409B6 /* product.json in Resources */ = {isa = PBXBuildFile; fileRef = 0192FD2926D3B84F007409B6 /* product.json */; };
		0192FD2E26D3B84F007409B6 /* category.json in Resources */ = {isa = PBXBuildFile; fileRef = 0192FD2A26D3B84F007409B6 /* category.json */; };
		0192FD3926D3BBCD007409B6 /* Constant.swift in Sources */ = {isa = PBXBuildFile; fileRef = 0192FD3826D3BBCD007409B6 /* Constant.swift */; };
		0192FD3B26D3BD36007409B6 /* FooterView.swift in Sources */ = {isa = PBXBuildFile; fileRef = 0192FD3A26D3BD36007409B6 /* FooterView.swift */; };
		01AAD3FB26D9605600E04E48 /* NavigationBar.swift in Sources */ = {isa = PBXBuildFile; fileRef = 01AAD3FA26D9605600E04E48 /* NavigationBar.swift */; };
		01AAD3FD26D96A1500E04E48 /* LogoView.swift in Sources */ = {isa = PBXBuildFile; fileRef = 01AAD3FC26D96A1500E04E48 /* LogoView.swift */; };
		01AAD3FF26DBAA8F00E04E48 /* PlayerModel.swift in Sources */ = {isa = PBXBuildFile; fileRef = 01AAD3FE26DBAA8F00E04E48 /* PlayerModel.swift */; };
		01AAD40126DBAB2900E04E48 /* CodableBundleExtension.swift in Sources */ = {isa = PBXBuildFile; fileRef = 01AAD40026DBAB2900E04E48 /* CodableBundleExtension.swift */; };
		01AAD40326DBADDE00E04E48 /* FeaturedItemView.swift in Sources */ = {isa = PBXBuildFile; fileRef = 01AAD40226DBADDE00E04E48 /* FeaturedItemView.swift */; };
		01AAD40526DBAEEC00E04E48 /* FeaturedTabView.swift in Sources */ = {isa = PBXBuildFile; fileRef = 01AAD40426DBAEEC00E04E48 /* FeaturedTabView.swift */; };
		01DA610626E16BE100BEC580 /* CustomShape.swift in Sources */ = {isa = PBXBuildFile; fileRef = 01DA610526E16BE100BEC580 /* CustomShape.swift */; };
		01DA610826E16E5100BEC580 /* RatingSizeDetailView.swift in Sources */ = {isa = PBXBuildFile; fileRef = 01DA610726E16E5100BEC580 /* RatingSizeDetailView.swift */; };
		01DA610A26E172B200BEC580 /* QuantityFavoriteDetailView.swift in Sources */ = {isa = PBXBuildFile; fileRef = 01DA610926E172B200BEC580 /* QuantityFavoriteDetailView.swift */; };
		01DA610C26E1754B00BEC580 /* AddToCarteDetailView.swift in Sources */ = {isa = PBXBuildFile; fileRef = 01DA610B26E1754B00BEC580 /* AddToCarteDetailView.swift */; };
		01E1070E26E15572003CD8B7 /* BrandModel.swift in Sources */ = {isa = PBXBuildFile; fileRef = 01E1070D26E15572003CD8B7 /* BrandModel.swift */; };
		01E1071026E15621003CD8B7 /* BrandItemView.swift in Sources */ = {isa = PBXBuildFile; fileRef = 01E1070F26E15621003CD8B7 /* BrandItemView.swift */; };
		01E1071226E157BD003CD8B7 /* BrandGridView.swift in Sources */ = {isa = PBXBuildFile; fileRef = 01E1071126E157BD003CD8B7 /* BrandGridView.swift */; };
		01E1071426E15FDF003CD8B7 /* ProductDetailView.swift in Sources */ = {isa = PBXBuildFile; fileRef = 01E1071326E15FDF003CD8B7 /* ProductDetailView.swift */; };
		01E1071626E16414003CD8B7 /* NavigationBarDetailView.swift in Sources */ = {isa = PBXBuildFile; fileRef = 01E1071526E16414003CD8B7 /* NavigationBarDetailView.swift */; };
		01E1071826E1657A003CD8B7 /* HeaderDetailView.swift in Sources */ = {isa = PBXBuildFile; fileRef = 01E1071726E1657A003CD8B7 /* HeaderDetailView.swift */; };
		01E1071A26E1668F003CD8B7 /* TopPartDetailView.swift in Sources */ = {isa = PBXBuildFile; fileRef = 01E1071926E1668F003CD8B7 /* TopPartDetailView.swift */; };
		01ED91A126DD2E3D00BAA5AA /* TitleView.swift in Sources */ = {isa = PBXBuildFile; fileRef = 01ED91A026DD2E3D00BAA5AA /* TitleView.swift */; };
		01ED91A326DD313200BAA5AA /* ProductModel.swift in Sources */ = {isa = PBXBuildFile; fileRef = 01ED91A226DD313200BAA5AA /* ProductModel.swift */; };
		01ED91A526DD342800BAA5AA /* ProductItemView.swift in Sources */ = {isa = PBXBuildFile; fileRef = 01ED91A426DD342800BAA5AA /* ProductItemView.swift */; };
		01F9585926DC2CD20026245E /* CategoryModel.swift in Sources */ = {isa = PBXBuildFile; fileRef = 01F9585826DC2CD20026245E /* CategoryModel.swift */; };
		01F9585B26DC35760026245E /* CategoryItemView.swift in Sources */ = {isa = PBXBuildFile; fileRef = 01F9585A26DC35760026245E /* CategoryItemView.swift */; };
		01F9585D26DC38160026245E /* CategoryGrigView.swift in Sources */ = {isa = PBXBuildFile; fileRef = 01F9585C26DC38160026245E /* CategoryGrigView.swift */; };
		01F9585F26DC3A8A0026245E /* SectionView.swift in Sources */ = {isa = PBXBuildFile; fileRef = 01F9585E26DC3A8A0026245E /* SectionView.swift */; };
/* End PBXBuildFile section */

/* Begin PBXFileReference section */
		0192FD1026D3B494007409B6 /* artycom.app */ = {isa = PBXFileReference; explicitFileType = wrapper.application; includeInIndex = 0; path = artycom.app; sourceTree = BUILT_PRODUCTS_DIR; };
		0192FD1326D3B494007409B6 /* AppDelegate.swift */ = {isa = PBXFileReference; lastKnownFileType = sourcecode.swift; path = AppDelegate.swift; sourceTree = "<group>"; };
		0192FD1526D3B494007409B6 /* SceneDelegate.swift */ = {isa = PBXFileReference; lastKnownFileType = sourcecode.swift; path = SceneDelegate.swift; sourceTree = "<group>"; };
		0192FD1726D3B494007409B6 /* ContentView.swift */ = {isa = PBXFileReference; lastKnownFileType = sourcecode.swift; path = ContentView.swift; sourceTree = "<group>"; };
		0192FD1926D3B495007409B6 /* Assets.xcassets */ = {isa = PBXFileReference; lastKnownFileType = folder.assetcatalog; path = Assets.xcassets; sourceTree = "<group>"; };
		0192FD1C26D3B495007409B6 /* Preview Assets.xcassets */ = {isa = PBXFileReference; lastKnownFileType = folder.assetcatalog; path = "Preview Assets.xcassets"; sourceTree = "<group>"; };
		0192FD1F26D3B495007409B6 /* Base */ = {isa = PBXFileReference; lastKnownFileType = file.storyboard; name = Base; path = Base.lproj/LaunchScreen.storyboard; sourceTree = "<group>"; };
		0192FD2126D3B495007409B6 /* Info.plist */ = {isa = PBXFileReference; lastKnownFileType = text.plist.xml; path = Info.plist; sourceTree = "<group>"; };
		0192FD2726D3B84F007409B6 /* brand.json */ = {isa = PBXFileReference; fileEncoding = 4; lastKnownFileType = text.json; path = brand.json; sourceTree = "<group>"; };
		0192FD2826D3B84F007409B6 /* player.json */ = {isa = PBXFileReference; fileEncoding = 4; lastKnownFileType = text.json; path = player.json; sourceTree = "<group>"; };
		0192FD2926D3B84F007409B6 /* product.json */ = {isa = PBXFileReference; fileEncoding = 4; lastKnownFileType = text.json; path = product.json; sourceTree = "<group>"; };
		0192FD2A26D3B84F007409B6 /* category.json */ = {isa = PBXFileReference; fileEncoding = 4; lastKnownFileType = text.json; path = category.json; sourceTree = "<group>"; };
		0192FD3826D3BBCD007409B6 /* Constant.swift */ = {isa = PBXFileReference; lastKnownFileType = sourcecode.swift; path = Constant.swift; sourceTree = "<group>"; };
		0192FD3A26D3BD36007409B6 /* FooterView.swift */ = {isa = PBXFileReference; lastKnownFileType = sourcecode.swift; path = FooterView.swift; sourceTree = "<group>"; };
		01AAD3FA26D9605600E04E48 /* NavigationBar.swift */ = {isa = PBXFileReference; lastKnownFileType = sourcecode.swift; path = NavigationBar.swift; sourceTree = "<group>"; };
		01AAD3FC26D96A1500E04E48 /* LogoView.swift */ = {isa = PBXFileReference; lastKnownFileType = sourcecode.swift; path = LogoView.swift; sourceTree = "<group>"; };
		01AAD3FE26DBAA8F00E04E48 /* PlayerModel.swift */ = {isa = PBXFileReference; lastKnownFileType = sourcecode.swift; path = PlayerModel.swift; sourceTree = "<group>"; };
		01AAD40026DBAB2900E04E48 /* CodableBundleExtension.swift */ = {isa = PBXFileReference; lastKnownFileType = sourcecode.swift; path = CodableBundleExtension.swift; sourceTree = "<group>"; };
		01AAD40226DBADDE00E04E48 /* FeaturedItemView.swift */ = {isa = PBXFileReference; lastKnownFileType = sourcecode.swift; path = FeaturedItemView.swift; sourceTree = "<group>"; };
		01AAD40426DBAEEC00E04E48 /* FeaturedTabView.swift */ = {isa = PBXFileReference; lastKnownFileType = sourcecode.swift; path = FeaturedTabView.swift; sourceTree = "<group>"; };
		01DA610526E16BE100BEC580 /* CustomShape.swift */ = {isa = PBXFileReference; lastKnownFileType = sourcecode.swift; path = CustomShape.swift; sourceTree = "<group>"; };
		01DA610726E16E5100BEC580 /* RatingSizeDetailView.swift */ = {isa = PBXFileReference; lastKnownFileType = sourcecode.swift; path = RatingSizeDetailView.swift; sourceTree = "<group>"; };
		01DA610926E172B200BEC580 /* QuantityFavoriteDetailView.swift */ = {isa = PBXFileReference; lastKnownFileType = sourcecode.swift; path = QuantityFavoriteDetailView.swift; sourceTree = "<group>"; };
		01DA610B26E1754B00BEC580 /* AddToCarteDetailView.swift */ = {isa = PBXFileReference; lastKnownFileType = sourcecode.swift; path = AddToCarteDetailView.swift; sourceTree = "<group>"; };
		01E1070D26E15572003CD8B7 /* BrandModel.swift */ = {isa = PBXFileReference; lastKnownFileType = sourcecode.swift; path = BrandModel.swift; sourceTree = "<group>"; };
		01E1070F26E15621003CD8B7 /* BrandItemView.swift */ = {isa = PBXFileReference; lastKnownFileType = sourcecode.swift; path = BrandItemView.swift; sourceTree = "<group>"; };
		01E1071126E157BD003CD8B7 /* BrandGridView.swift */ = {isa = PBXFileReference; lastKnownFileType = sourcecode.swift; path = BrandGridView.swift; sourceTree = "<group>"; };
		01E1071326E15FDF003CD8B7 /* ProductDetailView.swift */ = {isa = PBXFileReference; lastKnownFileType = sourcecode.swift; path = ProductDetailView.swift; sourceTree = "<group>"; };
		01E1071526E16414003CD8B7 /* NavigationBarDetailView.swift */ = {isa = PBXFileReference; lastKnownFileType = sourcecode.swift; path = NavigationBarDetailView.swift; sourceTree = "<group>"; };
		01E1071726E1657A003CD8B7 /* HeaderDetailView.swift */ = {isa = PBXFileReference; lastKnownFileType = sourcecode.swift; path = HeaderDetailView.swift; sourceTree = "<group>"; };
		01E1071926E1668F003CD8B7 /* TopPartDetailView.swift */ = {isa = PBXFileReference; lastKnownFileType = sourcecode.swift; path = TopPartDetailView.swift; sourceTree = "<group>"; };
		01ED91A026DD2E3D00BAA5AA /* TitleView.swift */ = {isa = PBXFileReference; lastKnownFileType = sourcecode.swift; path = TitleView.swift; sourceTree = "<group>"; };
		01ED91A226DD313200BAA5AA /* ProductModel.swift */ = {isa = PBXFileReference; lastKnownFileType = sourcecode.swift; path = ProductModel.swift; sourceTree = "<group>"; };
		01ED91A426DD342800BAA5AA /* ProductItemView.swift */ = {isa = PBXFileReference; lastKnownFileType = sourcecode.swift; path = ProductItemView.swift; sourceTree = "<group>"; };
		01F9585826DC2CD20026245E /* CategoryModel.swift */ = {isa = PBXFileReference; lastKnownFileType = sourcecode.swift; path = CategoryModel.swift; sourceTree = "<group>"; };
		01F9585A26DC35760026245E /* CategoryItemView.swift */ = {isa = PBXFileReference; lastKnownFileType = sourcecode.swift; path = CategoryItemView.swift; sourceTree = "<group>"; };
		01F9585C26DC38160026245E /* CategoryGrigView.swift */ = {isa = PBXFileReference; lastKnownFileType = sourcecode.swift; path = CategoryGrigView.swift; sourceTree = "<group>"; };
		01F9585E26DC3A8A0026245E /* SectionView.swift */ = {isa = PBXFileReference; lastKnownFileType = sourcecode.swift; path = SectionView.swift; sourceTree = "<group>"; };
/* End PBXFileReference section */

/* Begin PBXFrameworksBuildPhase section */
		0192FD0D26D3B494007409B6 /* Frameworks */ = {
			isa = PBXFrameworksBuildPhase;
			buildActionMask = 2147483647;
			files = (
			);
			runOnlyForDeploymentPostprocessing = 0;
		};
/* End PBXFrameworksBuildPhase section */

/* Begin PBXGroup section */
		0192FD0726D3B494007409B6 = {
			isa = PBXGroup;
			children = (
				0192FD1226D3B494007409B6 /* artycom */,
				0192FD1126D3B494007409B6 /* Products */,
			);
			sourceTree = "<group>";
		};
		0192FD1126D3B494007409B6 /* Products */ = {
			isa = PBXGroup;
			children = (
				0192FD1026D3B494007409B6 /* artycom.app */,
			);
			name = Products;
			sourceTree = "<group>";
		};
		0192FD1226D3B494007409B6 /* artycom */ = {
			isa = PBXGroup;
			children = (
				0192FD3126D3BB10007409B6 /* Delegate */,
				0192FD3026D3BB08007409B6 /* App */,
				0192FD3226D3BB1E007409B6 /* View */,
				0192FD2F26D3B880007409B6 /* Data */,
				0192FD3526D3BB3F007409B6 /* Model */,
				0192FD3626D3BB4D007409B6 /* Extension */,
				0192FD3726D3BB5A007409B6 /* Utility */,
				0192FD1926D3B495007409B6 /* Assets.xcassets */,
				0192FD1E26D3B495007409B6 /* LaunchScreen.storyboard */,
				0192FD2126D3B495007409B6 /* Info.plist */,
				0192FD1B26D3B495007409B6 /* Preview Content */,
			);
			path = artycom;
			sourceTree = "<group>";
		};
		0192FD1B26D3B495007409B6 /* Preview Content */ = {
			isa = PBXGroup;
			children = (
				0192FD1C26D3B495007409B6 /* Preview Assets.xcassets */,
			);
			path = "Preview Content";
			sourceTree = "<group>";
		};
		0192FD2F26D3B880007409B6 /* Data */ = {
			isa = PBXGroup;
			children = (
				0192FD2726D3B84F007409B6 /* brand.json */,
				0192FD2A26D3B84F007409B6 /* category.json */,
				0192FD2826D3B84F007409B6 /* player.json */,
				0192FD2926D3B84F007409B6 /* product.json */,
			);
			path = Data;
			sourceTree = "<group>";
		};
		0192FD3026D3BB08007409B6 /* App */ = {
			isa = PBXGroup;
			children = (
				0192FD1526D3B494007409B6 /* SceneDelegate.swift */,
				0192FD1726D3B494007409B6 /* ContentView.swift */,
				01E1071326E15FDF003CD8B7 /* ProductDetailView.swift */,
			);
			path = App;
			sourceTree = "<group>";
		};
		0192FD3126D3BB10007409B6 /* Delegate */ = {
			isa = PBXGroup;
			children = (
				0192FD1326D3B494007409B6 /* AppDelegate.swift */,
			);
			path = Delegate;
			sourceTree = "<group>";
		};
		0192FD3226D3BB1E007409B6 /* View */ = {
			isa = PBXGroup;
			children = (
				0192FD3326D3BB25007409B6 /* Home */,
				0192FD3426D3BB30007409B6 /* Details */,
			);
			path = View;
			sourceTree = "<group>";
		};
		0192FD3326D3BB25007409B6 /* Home */ = {
			isa = PBXGroup;
			children = (
				0192FD3A26D3BD36007409B6 /* FooterView.swift */,
				01AAD3FA26D9605600E04E48 /* NavigationBar.swift */,
				01AAD3FC26D96A1500E04E48 /* LogoView.swift */,
				01AAD40226DBADDE00E04E48 /* FeaturedItemView.swift */,
				01AAD40426DBAEEC00E04E48 /* FeaturedTabView.swift */,
				01F9585A26DC35760026245E /* CategoryItemView.swift */,
				01F9585C26DC38160026245E /* CategoryGrigView.swift */,
				01F9585E26DC3A8A0026245E /* SectionView.swift */,
				01ED91A026DD2E3D00BAA5AA /* TitleView.swift */,
				01ED91A426DD342800BAA5AA /* ProductItemView.swift */,
				01E1070F26E15621003CD8B7 /* BrandItemView.swift */,
				01E1071126E157BD003CD8B7 /* BrandGridView.swift */,
			);
			path = Home;
			sourceTree = "<group>";
		};
		0192FD3426D3BB30007409B6 /* Details */ = {
			isa = PBXGroup;
			children = (
				01E1071526E16414003CD8B7 /* NavigationBarDetailView.swift */,
				01E1071726E1657A003CD8B7 /* HeaderDetailView.swift */,
				01E1071926E1668F003CD8B7 /* TopPartDetailView.swift */,
				01DA610726E16E5100BEC580 /* RatingSizeDetailView.swift */,
				01DA610926E172B200BEC580 /* QuantityFavoriteDetailView.swift */,
				01DA610B26E1754B00BEC580 /* AddToCarteDetailView.swift */,
			);
			path = Details;
			sourceTree = "<group>";
		};
		0192FD3526D3BB3F007409B6 /* Model */ = {
			isa = PBXGroup;
			children = (
				01AAD3FE26DBAA8F00E04E48 /* PlayerModel.swift */,
				01F9585826DC2CD20026245E /* CategoryModel.swift */,
				01ED91A226DD313200BAA5AA /* ProductModel.swift */,
				01E1070D26E15572003CD8B7 /* BrandModel.swift */,
			);
			path = Model;
			sourceTree = "<group>";
		};
		0192FD3626D3BB4D007409B6 /* Extension */ = {
			isa = PBXGroup;
			children = (
				01AAD40026DBAB2900E04E48 /* CodableBundleExtension.swift */,
			);
			path = Extension;
			sourceTree = "<group>";
		};
		0192FD3726D3BB5A007409B6 /* Utility */ = {
			isa = PBXGroup;
			children = (
				0192FD3826D3BBCD007409B6 /* Constant.swift */,
				01DA610526E16BE100BEC580 /* CustomShape.swift */,
			);
			path = Utility;
			sourceTree = "<group>";
		};
/* End PBXGroup section */

/* Begin PBXNativeTarget section */
		0192FD0F26D3B494007409B6 /* artycom */ = {
			isa = PBXNativeTarget;
			buildConfigurationList = 0192FD2426D3B495007409B6 /* Build configuration list for PBXNativeTarget "artycom" */;
			buildPhases = (
				0192FD0C26D3B494007409B6 /* Sources */,
				0192FD0D26D3B494007409B6 /* Frameworks */,
				0192FD0E26D3B494007409B6 /* Resources */,
			);
			buildRules = (
			);
			dependencies = (
			);
			name = artycom;
			productName = artycom;
			productReference = 0192FD1026D3B494007409B6 /* artycom.app */;
			productType = "com.apple.product-type.application";
		};
/* End PBXNativeTarget section */

/* Begin PBXProject section */
		0192FD0826D3B494007409B6 /* Project object */ = {
			isa = PBXProject;
			attributes = {
				LastSwiftUpdateCheck = 1250;
				LastUpgradeCheck = 1250;
				TargetAttributes = {
					0192FD0F26D3B494007409B6 = {
						CreatedOnToolsVersion = 12.5.1;
					};
				};
			};
			buildConfigurationList = 0192FD0B26D3B494007409B6 /* Build configuration list for PBXProject "artycom" */;
			compatibilityVersion = "Xcode 9.3";
			developmentRegion = en;
			hasScannedForEncodings = 0;
			knownRegions = (
				en,
				Base,
			);
			mainGroup = 0192FD0726D3B494007409B6;
			productRefGroup = 0192FD1126D3B494007409B6 /* Products */;
			projectDirPath = "";
			projectRoot = "";
			targets = (
				0192FD0F26D3B494007409B6 /* artycom */,
			);
		};
/* End PBXProject section */

/* Begin PBXResourcesBuildPhase section */
		0192FD0E26D3B494007409B6 /* Resources */ = {
			isa = PBXResourcesBuildPhase;
			buildActionMask = 2147483647;
			files = (
				0192FD2E26D3B84F007409B6 /* category.json in Resources */,
				0192FD2C26D3B84F007409B6 /* player.json in Resources */,
				0192FD2026D3B495007409B6 /* LaunchScreen.storyboard in Resources */,
				0192FD2B26D3B84F007409B6 /* brand.json in Resources */,
				0192FD1D26D3B495007409B6 /* Preview Assets.xcassets in Resources */,
				0192FD1A26D3B495007409B6 /* Assets.xcassets in Resources */,
				0192FD2D26D3B84F007409B6 /* product.json in Resources */,
			);
			runOnlyForDeploymentPostprocessing = 0;
		};
/* End PBXResourcesBuildPhase section */

/* Begin PBXSourcesBuildPhase section */
		0192FD0C26D3B494007409B6 /* Sources */ = {
			isa = PBXSourcesBuildPhase;
			buildActionMask = 2147483647;
			files = (
				0192FD1426D3B494007409B6 /* AppDelegate.swift in Sources */,
				01F9585D26DC38160026245E /* CategoryGrigView.swift in Sources */,
				01F9585F26DC3A8A0026245E /* SectionView.swift in Sources */,
				01ED91A326DD313200BAA5AA /* ProductModel.swift in Sources */,
				01DA610A26E172B200BEC580 /* QuantityFavoriteDetailView.swift in Sources */,
				01F9585926DC2CD20026245E /* CategoryModel.swift in Sources */,
				0192FD1626D3B494007409B6 /* SceneDelegate.swift in Sources */,
				01DA610C26E1754B00BEC580 /* AddToCarteDetailView.swift in Sources */,
				01AAD3FF26DBAA8F00E04E48 /* PlayerModel.swift in Sources */,
				01E1071226E157BD003CD8B7 /* BrandGridView.swift in Sources */,
				01E1071826E1657A003CD8B7 /* HeaderDetailView.swift in Sources */,
				01E1071A26E1668F003CD8B7 /* TopPartDetailView.swift in Sources */,
				0192FD1826D3B494007409B6 /* ContentView.swift in Sources */,
				01DA610826E16E5100BEC580 /* RatingSizeDetailView.swift in Sources */,
				01ED91A126DD2E3D00BAA5AA /* TitleView.swift in Sources */,
				01DA610626E16BE100BEC580 /* CustomShape.swift in Sources */,
				01E1071626E16414003CD8B7 /* NavigationBarDetailView.swift in Sources */,
				01ED91A526DD342800BAA5AA /* ProductItemView.swift in Sources */,
				0192FD3B26D3BD36007409B6 /* FooterView.swift in Sources */,
				01AAD3FD26D96A1500E04E48 /* LogoView.swift in Sources */,
				01E1071426E15FDF003CD8B7 /* ProductDetailView.swift in Sources */,
				01AAD40526DBAEEC00E04E48 /* FeaturedTabView.swift in Sources */,
				0192FD3926D3BBCD007409B6 /* Constant.swift in Sources */,
				01AAD40326DBADDE00E04E48 /* FeaturedItemView.swift in Sources */,
				01E1071026E15621003CD8B7 /* BrandItemView.swift in Sources */,
				01F9585B26DC35760026245E /* CategoryItemView.swift in Sources */,
				01AAD3FB26D9605600E04E48 /* NavigationBar.swift in Sources */,
				01AAD40126DBAB2900E04E48 /* CodableBundleExtension.swift in Sources */,
				01E1070E26E15572003CD8B7 /* BrandModel.swift in Sources */,
			);
			runOnlyForDeploymentPostprocessing = 0;
		};
/* End PBXSourcesBuildPhase section */

/* Begin PBXVariantGroup section */
		0192FD1E26D3B495007409B6 /* LaunchScreen.storyboard */ = {
			isa = PBXVariantGroup;
			children = (
				0192FD1F26D3B495007409B6 /* Base */,
			);
			name = LaunchScreen.storyboard;
			sourceTree = "<group>";
		};
/* End PBXVariantGroup section */

/* Begin XCBuildConfiguration section */
		0192FD2226D3B495007409B6 /* Debug */ = {
			isa = XCBuildConfiguration;
			buildSettings = {
				ALWAYS_SEARCH_USER_PATHS = NO;
				CLANG_ANALYZER_NONNULL = YES;
				CLANG_ANALYZER_NUMBER_OBJECT_CONVERSION = YES_AGGRESSIVE;
				CLANG_CXX_LANGUAGE_STANDARD = "gnu++14";
				CLANG_CXX_LIBRARY = "libc++";
				CLANG_ENABLE_MODULES = YES;
				CLANG_ENABLE_OBJC_ARC = YES;
				CLANG_ENABLE_OBJC_WEAK = YES;
				CLANG_WARN_BLOCK_CAPTURE_AUTORELEASING = YES;
				CLANG_WARN_BOOL_CONVERSION = YES;
				CLANG_WARN_COMMA = YES;
				CLANG_WARN_CONSTANT_CONVERSION = YES;
				CLANG_WARN_DEPRECATED_OBJC_IMPLEMENTATIONS = YES;
				CLANG_WARN_DIRECT_OBJC_ISA_USAGE = YES_ERROR;
				CLANG_WARN_DOCUMENTATION_COMMENTS = YES;
				CLANG_WARN_EMPTY_BODY = YES;
				CLANG_WARN_ENUM_CONVERSION = YES;
				CLANG_WARN_INFINITE_RECURSION = YES;
				CLANG_WARN_INT_CONVERSION = YES;
				CLANG_WARN_NON_LITERAL_NULL_CONVERSION = YES;
				CLANG_WARN_OBJC_IMPLICIT_RETAIN_SELF = YES;
				CLANG_WARN_OBJC_LITERAL_CONVERSION = YES;
				CLANG_WARN_OBJC_ROOT_CLASS = YES_ERROR;
				CLANG_WARN_QUOTED_INCLUDE_IN_FRAMEWORK_HEADER = YES;
				CLANG_WARN_RANGE_LOOP_ANALYSIS = YES;
				CLANG_WARN_STRICT_PROTOTYPES = YES;
				CLANG_WARN_SUSPICIOUS_MOVE = YES;
				CLANG_WARN_UNGUARDED_AVAILABILITY = YES_AGGRESSIVE;
				CLANG_WARN_UNREACHABLE_CODE = YES;
				CLANG_WARN__DUPLICATE_METHOD_MATCH = YES;
				COPY_PHASE_STRIP = NO;
				DEBUG_INFORMATION_FORMAT = dwarf;
				ENABLE_STRICT_OBJC_MSGSEND = YES;
				ENABLE_TESTABILITY = YES;
				GCC_C_LANGUAGE_STANDARD = gnu11;
				GCC_DYNAMIC_NO_PIC = NO;
				GCC_NO_COMMON_BLOCKS = YES;
				GCC_OPTIMIZATION_LEVEL = 0;
				GCC_PREPROCESSOR_DEFINITIONS = (
					"DEBUG=1",
					"$(inherited)",
				);
				GCC_WARN_64_TO_32_BIT_CONVERSION = YES;
				GCC_WARN_ABOUT_RETURN_TYPE = YES_ERROR;
				GCC_WARN_UNDECLARED_SELECTOR = YES;
				GCC_WARN_UNINITIALIZED_AUTOS = YES_AGGRESSIVE;
				GCC_WARN_UNUSED_FUNCTION = YES;
				GCC_WARN_UNUSED_VARIABLE = YES;
				IPHONEOS_DEPLOYMENT_TARGET = 14.5;
				MTL_ENABLE_DEBUG_INFO = INCLUDE_SOURCE;
				MTL_FAST_MATH = YES;
				ONLY_ACTIVE_ARCH = YES;
				SDKROOT = iphoneos;
				SWIFT_ACTIVE_COMPILATION_CONDITIONS = DEBUG;
				SWIFT_OPTIMIZATION_LEVEL = "-Onone";
			};
			name = Debug;
		};
		0192FD2326D3B495007409B6 /* Release */ = {
			isa = XCBuildConfiguration;
			buildSettings = {
				ALWAYS_SEARCH_USER_PATHS = NO;
				CLANG_ANALYZER_NONNULL = YES;
				CLANG_ANALYZER_NUMBER_OBJECT_CONVERSION = YES_AGGRESSIVE;
				CLANG_CXX_LANGUAGE_STANDARD = "gnu++14";
				CLANG_CXX_LIBRARY = "libc++";
				CLANG_ENABLE_MODULES = YES;
				CLANG_ENABLE_OBJC_ARC = YES;
				CLANG_ENABLE_OBJC_WEAK = YES;
				CLANG_WARN_BLOCK_CAPTURE_AUTORELEASING = YES;
				CLANG_WARN_BOOL_CONVERSION = YES;
				CLANG_WARN_COMMA = YES;
				CLANG_WARN_CONSTANT_CONVERSION = YES;
				CLANG_WARN_DEPRECATED_OBJC_IMPLEMENTATIONS = YES;
				CLANG_WARN_DIRECT_OBJC_ISA_USAGE = YES_ERROR;
				CLANG_WARN_DOCUMENTATION_COMMENTS = YES;
				CLANG_WARN_EMPTY_BODY = YES;
				CLANG_WARN_ENUM_CONVERSION = YES;
				CLANG_WARN_INFINITE_RECURSION = YES;
				CLANG_WARN_INT_CONVERSION = YES;
				CLANG_WARN_NON_LITERAL_NULL_CONVERSION = YES;
				CLANG_WARN_OBJC_IMPLICIT_RETAIN_SELF = YES;
				CLANG_WARN_OBJC_LITERAL_CONVERSION = YES;
				CLANG_WARN_OBJC_ROOT_CLASS = YES_ERROR;
				CLANG_WARN_QUOTED_INCLUDE_IN_FRAMEWORK_HEADER = YES;
				CLANG_WARN_RANGE_LOOP_ANALYSIS = YES;
				CLANG_WARN_STRICT_PROTOTYPES = YES;
				CLANG_WARN_SUSPICIOUS_MOVE = YES;
				CLANG_WARN_UNGUARDED_AVAILABILITY = YES_AGGRESSIVE;
				CLANG_WARN_UNREACHABLE_CODE = YES;
				CLANG_WARN__DUPLICATE_METHOD_MATCH = YES;
				COPY_PHASE_STRIP = NO;
				DEBUG_INFORMATION_FORMAT = "dwarf-with-dsym";
				ENABLE_NS_ASSERTIONS = NO;
				ENABLE_STRICT_OBJC_MSGSEND = YES;
				GCC_C_LANGUAGE_STANDARD = gnu11;
				GCC_NO_COMMON_BLOCKS = YES;
				GCC_WARN_64_TO_32_BIT_CONVERSION = YES;
				GCC_WARN_ABOUT_RETURN_TYPE = YES_ERROR;
				GCC_WARN_UNDECLARED_SELECTOR = YES;
				GCC_WARN_UNINITIALIZED_AUTOS = YES_AGGRESSIVE;
				GCC_WARN_UNUSED_FUNCTION = YES;
				GCC_WARN_UNUSED_VARIABLE = YES;
				IPHONEOS_DEPLOYMENT_TARGET = 14.5;
				MTL_ENABLE_DEBUG_INFO = NO;
				MTL_FAST_MATH = YES;
				SDKROOT = iphoneos;
				SWIFT_COMPILATION_MODE = wholemodule;
				SWIFT_OPTIMIZATION_LEVEL = "-O";
				VALIDATE_PRODUCT = YES;
			};
			name = Release;
		};
		0192FD2526D3B495007409B6 /* Debug */ = {
			isa = XCBuildConfiguration;
			buildSettings = {
				ASSETCATALOG_COMPILER_APPICON_NAME = AppIcon;
				ASSETCATALOG_COMPILER_GLOBAL_ACCENT_COLOR_NAME = AccentColor;
				CODE_SIGN_STYLE = Automatic;
				DEVELOPMENT_ASSET_PATHS = "\"artycom/Preview Content\"";
				DEVELOPMENT_TEAM = 6HLHYZ382H;
				ENABLE_PREVIEWS = YES;
				INFOPLIST_FILE = artycom/Info.plist;
				LD_RUNPATH_SEARCH_PATHS = (
					"$(inherited)",
					"@executable_path/Frameworks",
				);
				PRODUCT_BUNDLE_IDENTIFIER = fr.codevelop.artycom;
				PRODUCT_NAME = "$(TARGET_NAME)";
				SWIFT_VERSION = 5.0;
				TARGETED_DEVICE_FAMILY = "1,2";
			};
			name = Debug;
		};
		0192FD2626D3B495007409B6 /* Release */ = {
			isa = XCBuildConfiguration;
			buildSettings = {
				ASSETCATALOG_COMPILER_APPICON_NAME = AppIcon;
				ASSETCATALOG_COMPILER_GLOBAL_ACCENT_COLOR_NAME = AccentColor;
				CODE_SIGN_STYLE = Automatic;
				DEVELOPMENT_ASSET_PATHS = "\"artycom/Preview Content\"";
				DEVELOPMENT_TEAM = 6HLHYZ382H;
				ENABLE_PREVIEWS = YES;
				INFOPLIST_FILE = artycom/Info.plist;
				LD_RUNPATH_SEARCH_PATHS = (
					"$(inherited)",
					"@executable_path/Frameworks",
				);
				PRODUCT_BUNDLE_IDENTIFIER = fr.codevelop.artycom;
				PRODUCT_NAME = "$(TARGET_NAME)";
				SWIFT_VERSION = 5.0;
				TARGETED_DEVICE_FAMILY = "1,2";
			};
			name = Release;
		};
/* End XCBuildConfiguration section */

/* Begin XCConfigurationList section */
		0192FD0B26D3B494007409B6 /* Build configuration list for PBXProject "artycom" */ = {
			isa = XCConfigurationList;
			buildConfigurations = (
				0192FD2226D3B495007409B6 /* Debug */,
				0192FD2326D3B495007409B6 /* Release */,
			);
			defaultConfigurationIsVisible = 0;
			defaultConfigurationName = Release;
		};
		0192FD2426D3B495007409B6 /* Build configuration list for PBXNativeTarget "artycom" */ = {
			isa = XCConfigurationList;
			buildConfigurations = (
				0192FD2526D3B495007409B6 /* Debug */,
				0192FD2626D3B495007409B6 /* Release */,
			);
			defaultConfigurationIsVisible = 0;
			defaultConfigurationName = Release;
		};
/* End XCConfigurationList section */
	};
	rootObject = 0192FD0826D3B494007409B6 /* Project object */;
}
